// !$*UTF8*$!
{
	archiveVersion = 1;
	classes = {
	};
	objectVersion = 46;
	objects = {

/* Begin PBXBuildFile section */
		FBBB6DDF1D74A71D00E77378 /* AppDelegate.swift in Sources */ = {isa = PBXBuildFile; fileRef = FBBB6DDE1D74A71D00E77378 /* AppDelegate.swift */; };
		FBBB6DE11D74A71D00E77378 /* ViewController.swift in Sources */ = {isa = PBXBuildFile; fileRef = FBBB6DE01D74A71D00E77378 /* ViewController.swift */; };
		FBBB6DE41D74A71D00E77378 /* Main.storyboard in Resources */ = {isa = PBXBuildFile; fileRef = FBBB6DE21D74A71D00E77378 /* Main.storyboard */; };
		FBBB6DE61D74A71E00E77378 /* Assets.xcassets in Resources */ = {isa = PBXBuildFile; fileRef = FBBB6DE51D74A71E00E77378 /* Assets.xcassets */; };
		FBBB6DE91D74A71E00E77378 /* LaunchScreen.storyboard in Resources */ = {isa = PBXBuildFile; fileRef = FBBB6DE71D74A71E00E77378 /* LaunchScreen.storyboard */; };
		FBBB6DF11D74AC5700E77378 /* ViewControllerInformation.swift in Sources */ = {isa = PBXBuildFile; fileRef = FBBB6DF01D74AC5700E77378 /* ViewControllerInformation.swift */; };
		FBBB6DF31D74AC8700E77378 /* ViewControllerEdit.swift in Sources */ = {isa = PBXBuildFile; fileRef = FBBB6DF21D74AC8700E77378 /* ViewControllerEdit.swift */; };
/* End PBXBuildFile section */

/* Begin PBXFileReference section */
		FBBB6DDB1D74A71D00E77378 /* storyboard.app */ = {isa = PBXFileReference; explicitFileType = wrapper.application; includeInIndex = 0; path = storyboard.app; sourceTree = BUILT_PRODUCTS_DIR; };
		FBBB6DDE1D74A71D00E77378 /* AppDelegate.swift */ = {isa = PBXFileReference; lastKnownFileType = sourcecode.swift; path = AppDelegate.swift; sourceTree = "<group>"; };
		FBBB6DE01D74A71D00E77378 /* ViewController.swift */ = {isa = PBXFileReference; lastKnownFileType = sourcecode.swift; path = ViewController.swift; sourceTree = "<group>"; };
		FBBB6DE31D74A71D00E77378 /* Base */ = {isa = PBXFileReference; lastKnownFileType = file.storyboard; name = Base; path = Base.lproj/Main.storyboard; sourceTree = "<group>"; };
		FBBB6DE51D74A71E00E77378 /* Assets.xcassets */ = {isa = PBXFileReference; lastKnownFileType = folder.assetcatalog; path = Assets.xcassets; sourceTree = "<group>"; };
		FBBB6DE81D74A71E00E77378 /* Base */ = {isa = PBXFileReference; lastKnownFileType = file.storyboard; name = Base; path = Base.lproj/LaunchScreen.storyboard; sourceTree = "<group>"; };
		FBBB6DEA1D74A71E00E77378 /* Info.plist */ = {isa = PBXFileReference; lastKnownFileType = text.plist.xml; path = Info.plist; sourceTree = "<group>"; };
		FBBB6DF01D74AC5700E77378 /* ViewControllerInformation.swift */ = {isa = PBXFileReference; fileEncoding = 4; lastKnownFileType = sourcecode.swift; path = ViewControllerInformation.swift; sourceTree = "<group>"; };
		FBBB6DF21D74AC8700E77378 /* ViewControllerEdit.swift */ = {isa = PBXFileReference; fileEncoding = 4; lastKnownFileType = sourcecode.swift; path = ViewControllerEdit.swift; sourceTree = "<group>"; };
/* End PBXFileReference section */

/* Begin PBXFrameworksBuildPhase section */
		FBBB6DD81D74A71D00E77378 /* Frameworks */ = {
			isa = PBXFrameworksBuildPhase;
			buildActionMask = 2147483647;
			files = (
			);
			runOnlyForDeploymentPostprocessing = 0;
		};
/* End PBXFrameworksBuildPhase section */

/* Begin PBXGroup section */
		FBBB6DD21D74A71D00E77378 = {
			isa = PBXGroup;
			children = (
				FBBB6DDD1D74A71D00E77378 /* storyboard */,
				FBBB6DDC1D74A71D00E77378 /* Products */,
			);
			sourceTree = "<group>";
		};
		FBBB6DDC1D74A71D00E77378 /* Products */ = {
			isa = PBXGroup;
			children = (
				FBBB6DDB1D74A71D00E77378 /* storyboard.app */,
			);
			name = Products;
			sourceTree = "<group>";
		};
		FBBB6DDD1D74A71D00E77378 /* storyboard */ = {
			isa = PBXGroup;
			children = (
				FBBB6DDE1D74A71D00E77378 /* AppDelegate.swift */,
				FBBB6DE01D74A71D00E77378 /* ViewController.swift */,
				FBBB6DE21D74A71D00E77378 /* Main.storyboard */,
				FBBB6DF01D74AC5700E77378 /* ViewControllerInformation.swift */,
				FBBB6DF21D74AC8700E77378 /* ViewControllerEdit.swift */,
				FBBB6DE51D74A71E00E77378 /* Assets.xcassets */,
				FBBB6DE71D74A71E00E77378 /* LaunchScreen.storyboard */,
				FBBB6DEA1D74A71E00E77378 /* Info.plist */,
			);
			path = storyboard;
			sourceTree = "<group>";
		};
/* End PBXGroup section */

/* Begin PBXNativeTarget section */
		FBBB6DDA1D74A71D00E77378 /* storyboard */ = {
			isa = PBXNativeTarget;
			buildConfigurationList = FBBB6DED1D74A71E00E77378 /* Build configuration list for PBXNativeTarget "storyboard" */;
			buildPhases = (
				FBBB6DD71D74A71D00E77378 /* Sources */,
				FBBB6DD81D74A71D00E77378 /* Frameworks */,
				FBBB6DD91D74A71D00E77378 /* Resources */,
			);
			buildRules = (
			);
			dependencies = (
			);
			name = storyboard;
			productName = storyboard;
			productReference = FBBB6DDB1D74A71D00E77378 /* storyboard.app */;
			productType = "com.apple.product-type.application";
		};
/* End PBXNativeTarget section */

/* Begin PBXProject section */
		FBBB6DD31D74A71D00E77378 /* Project object */ = {
			isa = PBXProject;
			attributes = {
				LastSwiftUpdateCheck = 0730;
				LastUpgradeCheck = 0730;
				ORGANIZATIONNAME = Melissa;
				TargetAttributes = {
					FBBB6DDA1D74A71D00E77378 = {
						CreatedOnToolsVersion = 7.3.1;
					};
				};
			};
			buildConfigurationList = FBBB6DD61D74A71D00E77378 /* Build configuration list for PBXProject "storyboard" */;
			compatibilityVersion = "Xcode 3.2";
			developmentRegion = English;
			hasScannedForEncodings = 0;
			knownRegions = (
				en,
				Base,
			);
			mainGroup = FBBB6DD21D74A71D00E77378;
			productRefGroup = FBBB6DDC1D74A71D00E77378 /* Products */;
			projectDirPath = "";
			projectRoot = "";
			targets = (
				FBBB6DDA1D74A71D00E77378 /* storyboard */,
			);
		};
/* End PBXProject section */

/* Begin PBXResourcesBuildPhase section */
		FBBB6DD91D74A71D00E77378 /* Resources */ = {
			isa = PBXResourcesBuildPhase;
			buildActionMask = 2147483647;
			files = (
				FBBB6DE91D74A71E00E77378 /* LaunchScreen.storyboard in Resources */,
				FBBB6DE61D74A71E00E77378 /* Assets.xcassets in Resources */,
				FBBB6DE41D74A71D00E77378 /* Main.storyboard in Resources */,
			);
			runOnlyForDeploymentPostprocessing = 0;
		};
/* End PBXResourcesBuildPhase section */

/* Begin PBXSourcesBuildPhase section */
		FBBB6DD71D74A71D00E77378 /* Sources */ = {
			isa = PBXSourcesBuildPhase;
			buildActionMask = 2147483647;
			files = (
				FBBB6DF31D74AC8700E77378 /* ViewControllerEdit.swift in Sources */,
				FBBB6DF11D74AC5700E77378 /* ViewControllerInformation.swift in Sources */,
				FBBB6DE11D74A71D00E77378 /* ViewController.swift in Sources */,
				FBBB6DDF1D74A71D00E77378 /* AppDelegate.swift in Sources */,
			);
			runOnlyForDeploymentPostprocessing = 0;
		};
/* End PBXSourcesBuildPhase section */

/* Begin PBXVariantGroup section */
		FBBB6DE21D74A71D00E77378 /* Main.storyboard */ = {
			isa = PBXVariantGroup;
			children = (
				FBBB6DE31D74A71D00E77378 /* Base */,
			);
			name = Main.storyboard;
			sourceTree = "<group>";
		};
		FBBB6DE71D74A71E00E77378 /* LaunchScreen.storyboard */ = {
			isa = PBXVariantGroup;
			children = (
				FBBB6DE81D74A71E00E77378 /* Base */,
			);
			name = LaunchScreen.storyboard;
			sourceTree = "<group>";
		};
/* End PBXVariantGroup section */

/* Begin XCBuildConfiguration section */
		FBBB6DEB1D74A71E00E77378 /* Debug */ = {
			isa = XCBuildConfiguration;
			buildSettings = {
				ALWAYS_SEARCH_USER_PATHS = NO;
				CLANG_ANALYZER_NONNULL = YES;
				CLANG_CXX_LANGUAGE_STANDARD = "gnu++0x";
				CLANG_CXX_LIBRARY = "libc++";
				CLANG_ENABLE_MODULES = YES;
				CLANG_ENABLE_OBJC_ARC = YES;
				CLANG_WARN_BOOL_CONVERSION = YES;
				CLANG_WARN_CONSTANT_CONVERSION = YES;
				CLANG_WARN_DIRECT_OBJC_ISA_USAGE = YES_ERROR;
				CLANG_WARN_EMPTY_BODY = YES;
				CLANG_WARN_ENUM_CONVERSION = YES;
				CLANG_WARN_INT_CONVERSION = YES;
				CLANG_WARN_OBJC_ROOT_CLASS = YES_ERROR;
				CLANG_WARN_UNREACHABLE_CODE = YES;
				CLANG_WARN__DUPLICATE_METHOD_MATCH = YES;
				"CODE_SIGN_IDENTITY[sdk=iphoneos*]" = "iPhone Developer";
				COPY_PHASE_STRIP = NO;
				DEBUG_INFORMATION_FORMAT = dwarf;
				ENABLE_STRICT_OBJC_MSGSEND = YES;
				ENABLE_TESTABILITY = YES;
				GCC_C_LANGUAGE_STANDARD = gnu99;
				GCC_DYNAMIC_NO_PIC = NO;
				GCC_NO_COMMON_BLOCKS = YES;
				GCC_OPTIMIZATION_LEVEL = 0;
				GCC_PREPROCESSOR_DEFINITIONS = (
					"DEBUG=1",
					"$(inherited)",
				);
				GCC_WARN_64_TO_32_BIT_CONVERSION = YES;
				GCC_WARN_ABOUT_RETURN_TYPE = YES_ERROR;
				GCC_WARN_UNDECLARED_SELECTOR = YES;
				GCC_WARN_UNINITIALIZED_AUTOS = YES_AGGRESSIVE;
				GCC_WARN_UNUSED_FUNCTION = YES;
				GCC_WARN_UNUSED_VARIABLE = YES;
				IPHONEOS_DEPLOYMENT_TARGET = 9.3;
				MTL_ENABLE_DEBUG_INFO = YES;
				ONLY_ACTIVE_ARCH = YES;
				SDKROOT = iphoneos;
				SWIFT_OPTIMIZATION_LEVEL = "-Onone";
			};
			name = Debug;
		};
		FBBB6DEC1D74A71E00E77378 /* Release */ = {
			isa = XCBuildConfiguration;
			buildSettings = {
				ALWAYS_SEARCH_USER_PATHS = NO;
				CLANG_ANALYZER_NONNULL = YES;
				CLANG_CXX_LANGUAGE_STANDARD = "gnu++0x";
				CLANG_CXX_LIBRARY = "libc++";
				CLANG_ENABLE_MODULES = YES;
				CLANG_ENABLE_OBJC_ARC = YES;
				CLANG_WARN_BOOL_CONVERSION = YES;
				CLANG_WARN_CONSTANT_CONVERSION = YES;
				CLANG_WARN_DIRECT_OBJC_ISA_USAGE = YES_ERROR;
				CLANG_WARN_EMPTY_BODY = YES;
				CLANG_WARN_ENUM_CONVERSION = YES;
				CLANG_WARN_INT_CONVERSION = YES;
				CLANG_WARN_OBJC_ROOT_CLASS = YES_ERROR;
				CLANG_WARN_UNREACHABLE_CODE = YES;
				CLANG_WARN__DUPLICATE_METHOD_MATCH = YES;
				"CODE_SIGN_IDENTITY[sdk=iphoneos*]" = "iPhone Developer";
				COPY_PHASE_STRIP = NO;
				DEBUG_INFORMATION_FORMAT = "dwarf-with-dsym";
				ENABLE_NS_ASSERTIONS = NO;
				ENABLE_STRICT_OBJC_MSGSEND = YES;
				GCC_C_LANGUAGE_STANDARD = gnu99;
				GCC_NO_COMMON_BLOCKS = YES;
				GCC_WARN_64_TO_32_BIT_CONVERSION = YES;
				GCC_WARN_ABOUT_RETURN_TYPE = YES_ERROR;
				GCC_WARN_UNDECLARED_SELECTOR = YES;
				GCC_WARN_UNINITIALIZED_AUTOS = YES_AGGRESSIVE;
				GCC_WARN_UNUSED_FUNCTION = YES;
				GCC_WARN_UNUSED_VARIABLE = YES;
				IPHONEOS_DEPLOYMENT_TARGET = 9.3;
				MTL_ENABLE_DEBUG_INFO = NO;
				SDKROOT = iphoneos;
				VALIDATE_PRODUCT = YES;
			};
			name = Release;
		};
		FBBB6DEE1D74A71E00E77378 /* Debug */ = {
			isa = XCBuildConfiguration;
			buildSettings = {
				ASSETCATALOG_COMPILER_APPICON_NAME = AppIcon;
				INFOPLIST_FILE = storyboard/Info.plist;
				LD_RUNPATH_SEARCH_PATHS = "$(inherited) @executable_path/Frameworks";
				PRODUCT_BUNDLE_IDENTIFIER = itesm.storyboard;
				PRODUCT_NAME = "$(TARGET_NAME)";
			};
			name = Debug;
		};
		FBBB6DEF1D74A71E00E77378 /* Release */ = {
			isa = XCBuildConfiguration;
			buildSettings = {
				ASSETCATALOG_COMPILER_APPICON_NAME = AppIcon;
				INFOPLIST_FILE = storyboard/Info.plist;
				LD_RUNPATH_SEARCH_PATHS = "$(inherited) @executable_path/Frameworks";
				PRODUCT_BUNDLE_IDENTIFIER = itesm.storyboard;
				PRODUCT_NAME = "$(TARGET_NAME)";
			};
			name = Release;
		};
/* End XCBuildConfiguration section */

/* Begin XCConfigurationList section */
		FBBB6DD61D74A71D00E77378 /* Build configuration list for PBXProject "storyboard" */ = {
			isa = XCConfigurationList;
			buildConfigurations = (
				FBBB6DEB1D74A71E00E77378 /* Debug */,
				FBBB6DEC1D74A71E00E77378 /* Release */,
			);
			defaultConfigurationIsVisible = 0;
			defaultConfigurationName = Release;
		};
		FBBB6DED1D74A71E00E77378 /* Build configuration list for PBXNativeTarget "storyboard" */ = {
			isa = XCConfigurationList;
			buildConfigurations = (
				FBBB6DEE1D74A71E00E77378 /* Debug */,
				FBBB6DEF1D74A71E00E77378 /* Release */,
			);
			defaultConfigurationIsVisible = 0;
		};
/* End XCConfigurationList section */
	};
	rootObject = FBBB6DD31D74A71D00E77378 /* Project object */;
}
